// !$*UTF8*$!
{
	archiveVersion = 1;
	classes = {
	};
	objectVersion = 52;
	objects = {

/* Begin PBXBuildFile section */
		7F4AFFE424E6AAA200447937 /* SceneDelegate.swift in Sources */ = {isa = PBXBuildFile; fileRef = 7FB2D8C624E6A78100B2D417 /* SceneDelegate.swift */; };
		7F4AFFE524E6AAA200447937 /* ContentView.swift in Sources */ = {isa = PBXBuildFile; fileRef = 7FB2D8C424E6A78100B2D417 /* ContentView.swift */; };
		7F4AFFE624E6AAA200447937 /* AppDelegate.swift in Sources */ = {isa = PBXBuildFile; fileRef = 7FB2D8C224E6A78100B2D417 /* AppDelegate.swift */; };
		7F4AFFE724E6AAA200447937 /* ExampleReactor.swift in Sources */ = {isa = PBXBuildFile; fileRef = 7FB2D8C324E6A78100B2D417 /* ExampleReactor.swift */; };
		7FB2D8C824E6A79E00B2D417 /* SwiftReactor in Frameworks */ = {isa = PBXBuildFile; productRef = 7FB2D8C724E6A79E00B2D417 /* SwiftReactor */; };
/* End PBXBuildFile section */

/* Begin PBXFileReference section */
		7FB2D8BD24E6A78100B2D417 /* Assets.xcassets */ = {isa = PBXFileReference; lastKnownFileType = folder.assetcatalog; path = Assets.xcassets; sourceTree = "<group>"; };
		7FB2D8BF24E6A78100B2D417 /* Preview Assets.xcassets */ = {isa = PBXFileReference; lastKnownFileType = folder.assetcatalog; path = "Preview Assets.xcassets"; sourceTree = "<group>"; };
		7FB2D8C124E6A78100B2D417 /* Base */ = {isa = PBXFileReference; lastKnownFileType = file.storyboard; name = Base; path = Base.lproj/LaunchScreen.storyboard; sourceTree = "<group>"; };
		7FB2D8C224E6A78100B2D417 /* AppDelegate.swift */ = {isa = PBXFileReference; lastKnownFileType = sourcecode.swift; path = AppDelegate.swift; sourceTree = "<group>"; };
		7FB2D8C324E6A78100B2D417 /* ExampleReactor.swift */ = {isa = PBXFileReference; lastKnownFileType = sourcecode.swift; path = ExampleReactor.swift; sourceTree = "<group>"; };
		7FB2D8C424E6A78100B2D417 /* ContentView.swift */ = {isa = PBXFileReference; lastKnownFileType = sourcecode.swift; path = ContentView.swift; sourceTree = "<group>"; };
		7FB2D8C524E6A78100B2D417 /* Info.plist */ = {isa = PBXFileReference; lastKnownFileType = text.plist.xml; path = Info.plist; sourceTree = "<group>"; };
		7FB2D8C624E6A78100B2D417 /* SceneDelegate.swift */ = {isa = PBXFileReference; lastKnownFileType = sourcecode.swift; path = SceneDelegate.swift; sourceTree = "<group>"; };
		B42CA97E24D0349A00C0526E /* SwiftReactorExample.app */ = {isa = PBXFileReference; explicitFileType = wrapper.application; includeInIndex = 0; path = SwiftReactorExample.app; sourceTree = BUILT_PRODUCTS_DIR; };
		B42CA99624D035B900C0526E /* SwiftUIReactor */ = {isa = PBXFileReference; lastKnownFileType = folder; name = SwiftUIReactor; path = ..; sourceTree = "<group>"; };
/* End PBXFileReference section */

/* Begin PBXFrameworksBuildPhase section */
		B42CA97B24D0349A00C0526E /* Frameworks */ = {
			isa = PBXFrameworksBuildPhase;
			buildActionMask = 2147483647;
			files = (
				7FB2D8C824E6A79E00B2D417 /* SwiftReactor in Frameworks */,
			);
			runOnlyForDeploymentPostprocessing = 0;
		};
/* End PBXFrameworksBuildPhase section */

/* Begin PBXGroup section */
		7FB2D8BC24E6A78100B2D417 /* SwiftReactorExample */ = {
			isa = PBXGroup;
			children = (
				7FB2D8BD24E6A78100B2D417 /* Assets.xcassets */,
				7FB2D8BE24E6A78100B2D417 /* Preview Content */,
				7FB2D8C024E6A78100B2D417 /* LaunchScreen.storyboard */,
				7FB2D8C224E6A78100B2D417 /* AppDelegate.swift */,
				7FB2D8C324E6A78100B2D417 /* ExampleReactor.swift */,
				7FB2D8C424E6A78100B2D417 /* ContentView.swift */,
				7FB2D8C524E6A78100B2D417 /* Info.plist */,
				7FB2D8C624E6A78100B2D417 /* SceneDelegate.swift */,
			);
			path = SwiftReactorExample;
			sourceTree = "<group>";
		};
		7FB2D8BE24E6A78100B2D417 /* Preview Content */ = {
			isa = PBXGroup;
			children = (
				7FB2D8BF24E6A78100B2D417 /* Preview Assets.xcassets */,
			);
			path = "Preview Content";
			sourceTree = "<group>";
		};
		B42CA97524D0349A00C0526E = {
			isa = PBXGroup;
			children = (
				7FB2D8BC24E6A78100B2D417 /* SwiftReactorExample */,
				B42CA99624D035B900C0526E /* SwiftUIReactor */,
				B42CA97F24D0349A00C0526E /* Products */,
				B42CA99724D035CE00C0526E /* Frameworks */,
			);
			sourceTree = "<group>";
		};
		B42CA97F24D0349A00C0526E /* Products */ = {
			isa = PBXGroup;
			children = (
				B42CA97E24D0349A00C0526E /* SwiftReactorExample.app */,
			);
			name = Products;
			sourceTree = "<group>";
		};
		B42CA99724D035CE00C0526E /* Frameworks */ = {
			isa = PBXGroup;
			children = (
			);
			name = Frameworks;
			sourceTree = "<group>";
		};
/* End PBXGroup section */

/* Begin PBXNativeTarget section */
		B42CA97D24D0349A00C0526E /* SwiftReactorExample */ = {
			isa = PBXNativeTarget;
			buildConfigurationList = B42CA99224D0349C00C0526E /* Build configuration list for PBXNativeTarget "SwiftReactorExample" */;
			buildPhases = (
				B42CA97A24D0349A00C0526E /* Sources */,
				B42CA97B24D0349A00C0526E /* Frameworks */,
				B42CA97C24D0349A00C0526E /* Resources */,
			);
			buildRules = (
			);
			dependencies = (
			);
			name = SwiftReactorExample;
			packageProductDependencies = (
				7FB2D8C724E6A79E00B2D417 /* SwiftReactor */,
			);
			productName = SwiftUIReactorExample;
			productReference = B42CA97E24D0349A00C0526E /* SwiftReactorExample.app */;
			productType = "com.apple.product-type.application";
		};
/* End PBXNativeTarget section */

/* Begin PBXProject section */
		B42CA97624D0349A00C0526E /* Project object */ = {
			isa = PBXProject;
			attributes = {
				LastSwiftUpdateCheck = 1160;
				LastUpgradeCheck = 1200;
				ORGANIZATIONNAME = "Dominik Arnhof";
				TargetAttributes = {
					B42CA97D24D0349A00C0526E = {
						CreatedOnToolsVersion = 11.6;
					};
				};
			};
			buildConfigurationList = B42CA97924D0349A00C0526E /* Build configuration list for PBXProject "SwiftReactor" */;
			compatibilityVersion = "Xcode 9.3";
			developmentRegion = en;
			hasScannedForEncodings = 0;
			knownRegions = (
				en,
				Base,
			);
			mainGroup = B42CA97524D0349A00C0526E;
			productRefGroup = B42CA97F24D0349A00C0526E /* Products */;
			projectDirPath = "";
			projectRoot = "";
			targets = (
				B42CA97D24D0349A00C0526E /* SwiftReactorExample */,
			);
		};
/* End PBXProject section */

/* Begin PBXResourcesBuildPhase section */
		B42CA97C24D0349A00C0526E /* Resources */ = {
			isa = PBXResourcesBuildPhase;
			buildActionMask = 2147483647;
			files = (
			);
			runOnlyForDeploymentPostprocessing = 0;
		};
/* End PBXResourcesBuildPhase section */

/* Begin PBXSourcesBuildPhase section */
		B42CA97A24D0349A00C0526E /* Sources */ = {
			isa = PBXSourcesBuildPhase;
			buildActionMask = 2147483647;
			files = (
				7F4AFFE624E6AAA200447937 /* AppDelegate.swift in Sources */,
				7F4AFFE524E6AAA200447937 /* ContentView.swift in Sources */,
				7F4AFFE424E6AAA200447937 /* SceneDelegate.swift in Sources */,
				7F4AFFE724E6AAA200447937 /* ExampleReactor.swift in Sources */,
			);
			runOnlyForDeploymentPostprocessing = 0;
		};
/* End PBXSourcesBuildPhase section */

/* Begin PBXVariantGroup section */
		7FB2D8C024E6A78100B2D417 /* LaunchScreen.storyboard */ = {
			isa = PBXVariantGroup;
			children = (
				7FB2D8C124E6A78100B2D417 /* Base */,
			);
			name = LaunchScreen.storyboard;
			sourceTree = "<group>";
		};
/* End PBXVariantGroup section */

/* Begin XCBuildConfiguration section */
		B42CA99024D0349C00C0526E /* Debug */ = {
			isa = XCBuildConfiguration;
			buildSettings = {
				ALWAYS_SEARCH_USER_PATHS = NO;
				CLANG_ANALYZER_NONNULL = YES;
				CLANG_ANALYZER_NUMBER_OBJECT_CONVERSION = YES_AGGRESSIVE;
				CLANG_CXX_LANGUAGE_STANDARD = "gnu++14";
				CLANG_CXX_LIBRARY = "libc++";
				CLANG_ENABLE_MODULES = YES;
				CLANG_ENABLE_OBJC_ARC = YES;
				CLANG_ENABLE_OBJC_WEAK = YES;
				CLANG_WARN_BLOCK_CAPTURE_AUTORELEASING = YES;
				CLANG_WARN_BOOL_CONVERSION = YES;
				CLANG_WARN_COMMA = YES;
				CLANG_WARN_CONSTANT_CONVERSION = YES;
				CLANG_WARN_DEPRECATED_OBJC_IMPLEMENTATIONS = YES;
				CLANG_WARN_DIRECT_OBJC_ISA_USAGE = YES_ERROR;
				CLANG_WARN_DOCUMENTATION_COMMENTS = YES;
				CLANG_WARN_EMPTY_BODY = YES;
				CLANG_WARN_ENUM_CONVERSION = YES;
				CLANG_WARN_INFINITE_RECURSION = YES;
				CLANG_WARN_INT_CONVERSION = YES;
				CLANG_WARN_NON_LITERAL_NULL_CONVERSION = YES;
				CLANG_WARN_OBJC_IMPLICIT_RETAIN_SELF = YES;
				CLANG_WARN_OBJC_LITERAL_CONVERSION = YES;
				CLANG_WARN_OBJC_ROOT_CLASS = YES_ERROR;
				CLANG_WARN_QUOTED_INCLUDE_IN_FRAMEWORK_HEADER = YES;
				CLANG_WARN_RANGE_LOOP_ANALYSIS = YES;
				CLANG_WARN_STRICT_PROTOTYPES = YES;
				CLANG_WARN_SUSPICIOUS_MOVE = YES;
				CLANG_WARN_UNGUARDED_AVAILABILITY = YES_AGGRESSIVE;
				CLANG_WARN_UNREACHABLE_CODE = YES;
				CLANG_WARN__DUPLICATE_METHOD_MATCH = YES;
				COPY_PHASE_STRIP = NO;
				DEBUG_INFORMATION_FORMAT = dwarf;
				ENABLE_STRICT_OBJC_MSGSEND = YES;
				ENABLE_TESTABILITY = YES;
				GCC_C_LANGUAGE_STANDARD = gnu11;
				GCC_DYNAMIC_NO_PIC = NO;
				GCC_NO_COMMON_BLOCKS = YES;
				GCC_OPTIMIZATION_LEVEL = 0;
				GCC_PREPROCESSOR_DEFINITIONS = (
					"DEBUG=1",
					"$(inherited)",
				);
				GCC_WARN_64_TO_32_BIT_CONVERSION = YES;
				GCC_WARN_ABOUT_RETURN_TYPE = YES_ERROR;
				GCC_WARN_UNDECLARED_SELECTOR = YES;
				GCC_WARN_UNINITIALIZED_AUTOS = YES_AGGRESSIVE;
				GCC_WARN_UNUSED_FUNCTION = YES;
				GCC_WARN_UNUSED_VARIABLE = YES;
				IPHONEOS_DEPLOYMENT_TARGET = 13.6;
				MTL_ENABLE_DEBUG_INFO = INCLUDE_SOURCE;
				MTL_FAST_MATH = YES;
				ONLY_ACTIVE_ARCH = YES;
				SDKROOT = iphoneos;
				SWIFT_ACTIVE_COMPILATION_CONDITIONS = DEBUG;
				SWIFT_OPTIMIZATION_LEVEL = "-Onone";
			};
			name = Debug;
		};
		B42CA99124D0349C00C0526E /* Release */ = {
			isa = XCBuildConfiguration;
			buildSettings = {
				ALWAYS_SEARCH_USER_PATHS = NO;
				CLANG_ANALYZER_NONNULL = YES;
				CLANG_ANALYZER_NUMBER_OBJECT_CONVERSION = YES_AGGRESSIVE;
				CLANG_CXX_LANGUAGE_STANDARD = "gnu++14";
				CLANG_CXX_LIBRARY = "libc++";
				CLANG_ENABLE_MODULES = YES;
				CLANG_ENABLE_OBJC_ARC = YES;
				CLANG_ENABLE_OBJC_WEAK = YES;
				CLANG_WARN_BLOCK_CAPTURE_AUTORELEASING = YES;
				CLANG_WARN_BOOL_CONVERSION = YES;
				CLANG_WARN_COMMA = YES;
				CLANG_WARN_CONSTANT_CONVERSION = YES;
				CLANG_WARN_DEPRECATED_OBJC_IMPLEMENTATIONS = YES;
				CLANG_WARN_DIRECT_OBJC_ISA_USAGE = YES_ERROR;
				CLANG_WARN_DOCUMENTATION_COMMENTS = YES;
				CLANG_WARN_EMPTY_BODY = YES;
				CLANG_WARN_ENUM_CONVERSION = YES;
				CLANG_WARN_INFINITE_RECURSION = YES;
				CLANG_WARN_INT_CONVERSION = YES;
				CLANG_WARN_NON_LITERAL_NULL_CONVERSION = YES;
				CLANG_WARN_OBJC_IMPLICIT_RETAIN_SELF = YES;
				CLANG_WARN_OBJC_LITERAL_CONVERSION = YES;
				CLANG_WARN_OBJC_ROOT_CLASS = YES_ERROR;
				CLANG_WARN_QUOTED_INCLUDE_IN_FRAMEWORK_HEADER = YES;
				CLANG_WARN_RANGE_LOOP_ANALYSIS = YES;
				CLANG_WARN_STRICT_PROTOTYPES = YES;
				CLANG_WARN_SUSPICIOUS_MOVE = YES;
				CLANG_WARN_UNGUARDED_AVAILABILITY = YES_AGGRESSIVE;
				CLANG_WARN_UNREACHABLE_CODE = YES;
				CLANG_WARN__DUPLICATE_METHOD_MATCH = YES;
				COPY_PHASE_STRIP = NO;
				DEBUG_INFORMATION_FORMAT = "dwarf-with-dsym";
				ENABLE_NS_ASSERTIONS = NO;
				ENABLE_STRICT_OBJC_MSGSEND = YES;
				GCC_C_LANGUAGE_STANDARD = gnu11;
				GCC_NO_COMMON_BLOCKS = YES;
				GCC_WARN_64_TO_32_BIT_CONVERSION = YES;
				GCC_WARN_ABOUT_RETURN_TYPE = YES_ERROR;
				GCC_WARN_UNDECLARED_SELECTOR = YES;
				GCC_WARN_UNINITIALIZED_AUTOS = YES_AGGRESSIVE;
				GCC_WARN_UNUSED_FUNCTION = YES;
				GCC_WARN_UNUSED_VARIABLE = YES;
				IPHONEOS_DEPLOYMENT_TARGET = 13.6;
				MTL_ENABLE_DEBUG_INFO = NO;
				MTL_FAST_MATH = YES;
				SDKROOT = iphoneos;
				SWIFT_COMPILATION_MODE = wholemodule;
				SWIFT_OPTIMIZATION_LEVEL = "-O";
				VALIDATE_PRODUCT = YES;
			};
			name = Release;
		};
		B42CA99324D0349C00C0526E /* Debug */ = {
			isa = XCBuildConfiguration;
			buildSettings = {
				ASSETCATALOG_COMPILER_APPICON_NAME = AppIcon;
				CODE_SIGN_STYLE = Automatic;
				DEVELOPMENT_ASSET_PATHS = "\"SwiftReactorExample/Preview Content\"";
				ENABLE_PREVIEWS = YES;
				INFOPLIST_FILE = SwiftReactorExample/Info.plist;
				LD_RUNPATH_SEARCH_PATHS = (
					"$(inherited)",
					"@executable_path/Frameworks",
				);
				PRODUCT_BUNDLE_IDENTIFIER = com.oanhof.SwiftReactorExample;
				PRODUCT_NAME = "$(TARGET_NAME)";
				SWIFT_VERSION = 5.0;
				TARGETED_DEVICE_FAMILY = "1,2";
			};
			name = Debug;
		};
		B42CA99424D0349C00C0526E /* Release */ = {
			isa = XCBuildConfiguration;
			buildSettings = {
				ASSETCATALOG_COMPILER_APPICON_NAME = AppIcon;
				CODE_SIGN_STYLE = Automatic;
				DEVELOPMENT_ASSET_PATHS = "\"SwiftReactorExample/Preview Content\"";
				ENABLE_PREVIEWS = YES;
				INFOPLIST_FILE = SwiftReactorExample/Info.plist;
				LD_RUNPATH_SEARCH_PATHS = (
					"$(inherited)",
					"@executable_path/Frameworks",
				);
				PRODUCT_BUNDLE_IDENTIFIER = com.oanhof.SwiftReactorExample;
				PRODUCT_NAME = "$(TARGET_NAME)";
				SWIFT_VERSION = 5.0;
				TARGETED_DEVICE_FAMILY = "1,2";
			};
			name = Release;
		};
/* End XCBuildConfiguration section */

/* Begin XCConfigurationList section */
		B42CA97924D0349A00C0526E /* Build configuration list for PBXProject "SwiftReactor" */ = {
			isa = XCConfigurationList;
			buildConfigurations = (
				B42CA99024D0349C00C0526E /* Debug */,
				B42CA99124D0349C00C0526E /* Release */,
			);
			defaultConfigurationIsVisible = 0;
			defaultConfigurationName = Release;
		};
		B42CA99224D0349C00C0526E /* Build configuration list for PBXNativeTarget "SwiftReactorExample" */ = {
			isa = XCConfigurationList;
			buildConfigurations = (
				B42CA99324D0349C00C0526E /* Debug */,
				B42CA99424D0349C00C0526E /* Release */,
			);
			defaultConfigurationIsVisible = 0;
			defaultConfigurationName = Release;
		};
/* End XCConfigurationList section */

/* Begin XCSwiftPackageProductDependency section */
		7FB2D8C724E6A79E00B2D417 /* SwiftReactor */ = {
			isa = XCSwiftPackageProductDependency;
			productName = SwiftReactor;
		};
/* End XCSwiftPackageProductDependency section */
	};
	rootObject = B42CA97624D0349A00C0526E /* Project object */;
}
